
Microsoft Visual Studio Solution File, Format Version 12.00
# Visual Studio 2013
VisualStudioVersion = 12.0.31101.0
MinimumVisualStudioVersion = 10.0.40219.1
Project("{FAE04EC0-301F-11D3-BF4B-00C04F79EFBC}") = "EnerBank.UI", "EnerBank.UI\EnerBank.UI.csproj", "{C8264034-6E72-4487-88B0-D70FC31730F4}"
EndProject
Project("{FAE04EC0-301F-11D3-BF4B-00C04F79EFBC}") = "EnerBank.Console", "Enerbank.Console\EnerBank.Console.csproj", "{18F8042E-D114-4ECE-BD8C-D95253062697}"
EndProject
Project("{FAE04EC0-301F-11D3-BF4B-00C04F79EFBC}") = "EnerBank.Model", "EnerBank.Model\EnerBank.Model.csproj", "{38A0FD96-7973-471B-B7C1-94C1CE0C9F4F}"
EndProject
Project("{FAE04EC0-301F-11D3-BF4B-00C04F79EFBC}") = "EnerBank.DataItem", "EnerBank.DataItem\EnerBank.DataItem.csproj", "{92CB29CE-0EC5-4BBF-9807-F0F0FE1D649D}"
EndProject
Project("{FAE04EC0-301F-11D3-BF4B-00C04F79EFBC}") = "EnerBank.Interfaces", "EnerBank.Interfaces\EnerBank.Interfaces.csproj", "{16F314E9-65D9-4C25-A007-E875B5AA1D27}"
EndProject
Project("{FAE04EC0-301F-11D3-BF4B-00C04F79EFBC}") = "Enerbank.Model.Test", "Enerbank.Model.Test\Enerbank.Model.Test.csproj", "{BC4A112A-E399-45DF-A857-A50F28239E19}"
EndProject
Project("{FAE04EC0-301F-11D3-BF4B-00C04F79EFBC}") = "EnerBank.IOUtils", "EnerBank.IOUtils\EnerBank.IOUtils.csproj", "{AF09E213-061A-436C-A0A6-39F05ED24CB3}"
EndProject
Project("{FAE04EC0-301F-11D3-BF4B-00C04F79EFBC}") = "EnerBank.IOUtils.Test", "EnerBank.IOUtils.Test\EnerBank.IOUtils.Test.csproj", "{8BAFF680-024B-428E-9E29-5CFEA24C3504}"
EndProject
Project("{FAE04EC0-301F-11D3-BF4B-00C04F79EFBC}") = "EnerBank.UI.MVVMLight", "EnerBank.UI.MVVMLight\EnerBank.UI.MVVMLight.csproj", "{D188895F-6541-4CE7-953E-F0AD2A43BE62}"
EndProject
Project("{FAE04EC0-301F-11D3-BF4B-00C04F79EFBC}") = "EnerBank.UI.Web.DotNet45", "EnerBank.UI.Web.DotNet45\EnerBank.UI.Web.DotNet45.csproj", "{BEFEF9F8-10AA-4E75-AB96-2C049886AAC8}"
EndProject
Global
	GlobalSection(SolutionConfigurationPlatforms) = preSolution
		Debug|Any CPU = Debug|Any CPU
		Release|Any CPU = Release|Any CPU
	EndGlobalSection
	GlobalSection(ProjectConfigurationPlatforms) = postSolution
		{C8264034-6E72-4487-88B0-D70FC31730F4}.Debug|Any CPU.ActiveCfg = Debug|Any CPU
		{C8264034-6E72-4487-88B0-D70FC31730F4}.Debug|Any CPU.Build.0 = Debug|Any CPU
		{C8264034-6E72-4487-88B0-D70FC31730F4}.Release|Any CPU.ActiveCfg = Release|Any CPU
		{C8264034-6E72-4487-88B0-D70FC31730F4}.Release|Any CPU.Build.0 = Release|Any CPU
		{18F8042E-D114-4ECE-BD8C-D95253062697}.Debug|Any CPU.ActiveCfg = Debug|Any CPU
		{18F8042E-D114-4ECE-BD8C-D95253062697}.Debug|Any CPU.Build.0 = Debug|Any CPU
		{18F8042E-D114-4ECE-BD8C-D95253062697}.Release|Any CPU.ActiveCfg = Release|Any CPU
		{18F8042E-D114-4ECE-BD8C-D95253062697}.Release|Any CPU.Build.0 = Release|Any CPU
		{38A0FD96-7973-471B-B7C1-94C1CE0C9F4F}.Debug|Any CPU.ActiveCfg = Debug|Any CPU
		{38A0FD96-7973-471B-B7C1-94C1CE0C9F4F}.Debug|Any CPU.Build.0 = Debug|Any CPU
		{38A0FD96-7973-471B-B7C1-94C1CE0C9F4F}.Release|Any CPU.ActiveCfg = Release|Any CPU
		{38A0FD96-7973-471B-B7C1-94C1CE0C9F4F}.Release|Any CPU.Build.0 = Release|Any CPU
		{92CB29CE-0EC5-4BBF-9807-F0F0FE1D649D}.Debug|Any CPU.ActiveCfg = Debug|Any CPU
		{92CB29CE-0EC5-4BBF-9807-F0F0FE1D649D}.Debug|Any CPU.Build.0 = Debug|Any CPU
		{92CB29CE-0EC5-4BBF-9807-F0F0FE1D649D}.Release|Any CPU.ActiveCfg = Release|Any CPU
		{92CB29CE-0EC5-4BBF-9807-F0F0FE1D649D}.Release|Any CPU.Build.0 = Release|Any CPU
		{16F314E9-65D9-4C25-A007-E875B5AA1D27}.Debug|Any CPU.ActiveCfg = Debug|Any CPU
		{16F314E9-65D9-4C25-A007-E875B5AA1D27}.Debug|Any CPU.Build.0 = Debug|Any CPU
		{16F314E9-65D9-4C25-A007-E875B5AA1D27}.Release|Any CPU.ActiveCfg = Release|Any CPU
		{16F314E9-65D9-4C25-A007-E875B5AA1D27}.Release|Any CPU.Build.0 = Release|Any CPU
		{BC4A112A-E399-45DF-A857-A50F28239E19}.Debug|Any CPU.ActiveCfg = Debug|Any CPU
		{BC4A112A-E399-45DF-A857-A50F28239E19}.Debug|Any CPU.Build.0 = Debug|Any CPU
		{BC4A112A-E399-45DF-A857-A50F28239E19}.Release|Any CPU.ActiveCfg = Release|Any CPU
		{BC4A112A-E399-45DF-A857-A50F28239E19}.Release|Any CPU.Build.0 = Release|Any CPU
		{AF09E213-061A-436C-A0A6-39F05ED24CB3}.Debug|Any CPU.ActiveCfg = Debug|Any CPU
		{AF09E213-061A-436C-A0A6-39F05ED24CB3}.Debug|Any CPU.Build.0 = Debug|Any CPU
		{AF09E213-061A-436C-A0A6-39F05ED24CB3}.Release|Any CPU.ActiveCfg = Release|Any CPU
		{AF09E213-061A-436C-A0A6-39F05ED24CB3}.Release|Any CPU.Build.0 = Release|Any CPU
		{8BAFF680-024B-428E-9E29-5CFEA24C3504}.Debug|Any CPU.ActiveCfg = Debug|Any CPU
		{8BAFF680-024B-428E-9E29-5CFEA24C3504}.Debug|Any CPU.Build.0 = Debug|Any CPU
		{8BAFF680-024B-428E-9E29-5CFEA24C3504}.Release|Any CPU.ActiveCfg = Release|Any CPU
		{8BAFF680-024B-428E-9E29-5CFEA24C3504}.Release|Any CPU.Build.0 = Release|Any CPU
		{D188895F-6541-4CE7-953E-F0AD2A43BE62}.Debug|Any CPU.ActiveCfg = Debug|Any CPU
		{D188895F-6541-4CE7-953E-F0AD2A43BE62}.Debug|Any CPU.Build.0 = Debug|Any CPU
		{D188895F-6541-4CE7-953E-F0AD2A43BE62}.Release|Any CPU.ActiveCfg = Release|Any CPU
		{D188895F-6541-4CE7-953E-F0AD2A43BE62}.Release|Any CPU.Build.0 = Release|Any CPU
		{BEFEF9F8-10AA-4E75-AB96-2C049886AAC8}.Debug|Any CPU.ActiveCfg = Debug|Any CPU
		{BEFEF9F8-10AA-4E75-AB96-2C049886AAC8}.Debug|Any CPU.Build.0 = Debug|Any CPU
		{BEFEF9F8-10AA-4E75-AB96-2C049886AAC8}.Release|Any CPU.ActiveCfg = Release|Any CPU
		{BEFEF9F8-10AA-4E75-AB96-2C049886AAC8}.Release|Any CPU.Build.0 = Release|Any CPU
	EndGlobalSection
	GlobalSection(SolutionProperties) = preSolution
		HideSolutionNode = FALSE
	EndGlobalSection
EndGlobal
